// !$*UTF8*$!
{
	archiveVersion = 1;
	classes = {
	};
	objectVersion = 55;
	objects = {

/* Begin PBXBuildFile section */
		2FA5C9EB296E669B00F2D6D7 /* Favorite.h in Headers */ = {isa = PBXBuildFile; fileRef = 2FA5C9EA296E669B00F2D6D7 /* Favorite.h */; settings = {ATTRIBUTES = (Public, ); }; };
		2FA5CA21296E6A4700F2D6D7 /* FavoriteViewController.swift in Sources */ = {isa = PBXBuildFile; fileRef = 2FA5CA20296E6A4700F2D6D7 /* FavoriteViewController.swift */; };
		2FA5CA23296E6A6800F2D6D7 /* FavoriteViewController.xib in Resources */ = {isa = PBXBuildFile; fileRef = 2FA5CA22296E6A6800F2D6D7 /* FavoriteViewController.xib */; };
		2FA5CA25296E6A8700F2D6D7 /* FavoriteViewModel.swift in Sources */ = {isa = PBXBuildFile; fileRef = 2FA5CA24296E6A8700F2D6D7 /* FavoriteViewModel.swift */; };
		2FA5CA2A296E6B6100F2D6D7 /* Common.framework in Frameworks */ = {isa = PBXBuildFile; fileRef = 2FA5CA29296E6B6100F2D6D7 /* Common.framework */; };
		2FA5CA2B296E6B6100F2D6D7 /* Common.framework in Embed Frameworks */ = {isa = PBXBuildFile; fileRef = 2FA5CA29296E6B6100F2D6D7 /* Common.framework */; settings = {ATTRIBUTES = (CodeSignOnCopy, RemoveHeadersOnCopy, ); }; };
		2FA5CA2F296E6B7D00F2D6D7 /* Realm in Frameworks */ = {isa = PBXBuildFile; productRef = 2FA5CA2E296E6B7D00F2D6D7 /* Realm */; };
		2FA5CA31296E6B7D00F2D6D7 /* RealmSwift in Frameworks */ = {isa = PBXBuildFile; productRef = 2FA5CA30296E6B7D00F2D6D7 /* RealmSwift */; };
		43C272070FEE0A7024F2B138 /* Pods_Favorite.framework in Frameworks */ = {isa = PBXBuildFile; fileRef = 0AE18339671DB0BE3FEA0530 /* Pods_Favorite.framework */; };
/* End PBXBuildFile section */

/* Begin PBXCopyFilesBuildPhase section */
		2FA5CA2C296E6B6100F2D6D7 /* Embed Frameworks */ = {
			isa = PBXCopyFilesBuildPhase;
			buildActionMask = 2147483647;
			dstPath = "";
			dstSubfolderSpec = 10;
			files = (
				2FA5CA2B296E6B6100F2D6D7 /* Common.framework in Embed Frameworks */,
			);
			name = "Embed Frameworks";
			runOnlyForDeploymentPostprocessing = 0;
		};
/* End PBXCopyFilesBuildPhase section */

/* Begin PBXFileReference section */
		0AE18339671DB0BE3FEA0530 /* Pods_Favorite.framework */ = {isa = PBXFileReference; explicitFileType = wrapper.framework; includeInIndex = 0; path = Pods_Favorite.framework; sourceTree = BUILT_PRODUCTS_DIR; };
		2FA5C9E7296E669B00F2D6D7 /* Favorite.framework */ = {isa = PBXFileReference; explicitFileType = wrapper.framework; includeInIndex = 0; path = Favorite.framework; sourceTree = BUILT_PRODUCTS_DIR; };
		2FA5C9EA296E669B00F2D6D7 /* Favorite.h */ = {isa = PBXFileReference; lastKnownFileType = sourcecode.c.h; path = Favorite.h; sourceTree = "<group>"; };
		2FA5CA20296E6A4700F2D6D7 /* FavoriteViewController.swift */ = {isa = PBXFileReference; fileEncoding = 4; lastKnownFileType = sourcecode.swift; path = FavoriteViewController.swift; sourceTree = "<group>"; };
		2FA5CA22296E6A6800F2D6D7 /* FavoriteViewController.xib */ = {isa = PBXFileReference; fileEncoding = 4; lastKnownFileType = file.xib; path = FavoriteViewController.xib; sourceTree = "<group>"; };
		2FA5CA24296E6A8700F2D6D7 /* FavoriteViewModel.swift */ = {isa = PBXFileReference; fileEncoding = 4; lastKnownFileType = sourcecode.swift; path = FavoriteViewModel.swift; sourceTree = "<group>"; };
		2FA5CA29296E6B6100F2D6D7 /* Common.framework */ = {isa = PBXFileReference; explicitFileType = wrapper.framework; path = Common.framework; sourceTree = BUILT_PRODUCTS_DIR; };
		E3F9F1C1F902C06CD96B155D /* Pods-Favorite.debug.xcconfig */ = {isa = PBXFileReference; includeInIndex = 1; lastKnownFileType = text.xcconfig; name = "Pods-Favorite.debug.xcconfig"; path = "Target Support Files/Pods-Favorite/Pods-Favorite.debug.xcconfig"; sourceTree = "<group>"; };
		E6769BA7B26D6E5C5369C1E2 /* Pods-Favorite.release.xcconfig */ = {isa = PBXFileReference; includeInIndex = 1; lastKnownFileType = text.xcconfig; name = "Pods-Favorite.release.xcconfig"; path = "Target Support Files/Pods-Favorite/Pods-Favorite.release.xcconfig"; sourceTree = "<group>"; };
/* End PBXFileReference section */

/* Begin PBXFrameworksBuildPhase section */
		2FA5C9E4296E669B00F2D6D7 /* Frameworks */ = {
			isa = PBXFrameworksBuildPhase;
			buildActionMask = 2147483647;
			files = (
				2FA5CA31296E6B7D00F2D6D7 /* RealmSwift in Frameworks */,
				2FA5CA2F296E6B7D00F2D6D7 /* Realm in Frameworks */,
				43C272070FEE0A7024F2B138 /* Pods_Favorite.framework in Frameworks */,
				2FA5CA2A296E6B6100F2D6D7 /* Common.framework in Frameworks */,
			);
			runOnlyForDeploymentPostprocessing = 0;
		};
/* End PBXFrameworksBuildPhase section */

/* Begin PBXGroup section */
		2B06A474E58B2C6B51002268 /* Pods */ = {
			isa = PBXGroup;
			children = (
				E3F9F1C1F902C06CD96B155D /* Pods-Favorite.debug.xcconfig */,
				E6769BA7B26D6E5C5369C1E2 /* Pods-Favorite.release.xcconfig */,
			);
			name = Pods;
			path = ../../GameApp/Pods;
			sourceTree = "<group>";
		};
		2FA5C9DD296E669B00F2D6D7 = {
			isa = PBXGroup;
			children = (
				2FA5C9E9296E669B00F2D6D7 /* Favorite */,
				2FA5C9E8296E669B00F2D6D7 /* Products */,
				2B06A474E58B2C6B51002268 /* Pods */,
				B7ED17DE9711A389D4D527A0 /* Frameworks */,
			);
			sourceTree = "<group>";
		};
		2FA5C9E8296E669B00F2D6D7 /* Products */ = {
			isa = PBXGroup;
			children = (
				2FA5C9E7296E669B00F2D6D7 /* Favorite.framework */,
			);
			name = Products;
			sourceTree = "<group>";
		};
		2FA5C9E9296E669B00F2D6D7 /* Favorite */ = {
			isa = PBXGroup;
			children = (
				2FA5CA24296E6A8700F2D6D7 /* FavoriteViewModel.swift */,
				2FA5CA22296E6A6800F2D6D7 /* FavoriteViewController.xib */,
				2FA5CA20296E6A4700F2D6D7 /* FavoriteViewController.swift */,
				2FA5C9EA296E669B00F2D6D7 /* Favorite.h */,
			);
			path = Favorite;
			sourceTree = "<group>";
		};
		B7ED17DE9711A389D4D527A0 /* Frameworks */ = {
			isa = PBXGroup;
			children = (
				2FA5CA29296E6B6100F2D6D7 /* Common.framework */,
				0AE18339671DB0BE3FEA0530 /* Pods_Favorite.framework */,
			);
			name = Frameworks;
			sourceTree = "<group>";
		};
/* End PBXGroup section */

/* Begin PBXHeadersBuildPhase section */
		2FA5C9E2296E669B00F2D6D7 /* Headers */ = {
			isa = PBXHeadersBuildPhase;
			buildActionMask = 2147483647;
			files = (
				2FA5C9EB296E669B00F2D6D7 /* Favorite.h in Headers */,
			);
			runOnlyForDeploymentPostprocessing = 0;
		};
/* End PBXHeadersBuildPhase section */

/* Begin PBXNativeTarget section */
		2FA5C9E6296E669B00F2D6D7 /* Favorite */ = {
			isa = PBXNativeTarget;
			buildConfigurationList = 2FA5C9EE296E669B00F2D6D7 /* Build configuration list for PBXNativeTarget "Favorite" */;
			buildPhases = (
				25862C70FF5A00A91F0AB91F /* [CP] Check Pods Manifest.lock */,
				2FA5C9E2296E669B00F2D6D7 /* Headers */,
				2FA5C9E3296E669B00F2D6D7 /* Sources */,
				2FA5C9E4296E669B00F2D6D7 /* Frameworks */,
				2FA5C9E5296E669B00F2D6D7 /* Resources */,
				2FA5CA2C296E6B6100F2D6D7 /* Embed Frameworks */,
			);
			buildRules = (
			);
			dependencies = (
			);
			name = Favorite;
			packageProductDependencies = (
				2FA5CA2E296E6B7D00F2D6D7 /* Realm */,
				2FA5CA30296E6B7D00F2D6D7 /* RealmSwift */,
			);
			productName = Favorite;
			productReference = 2FA5C9E7296E669B00F2D6D7 /* Favorite.framework */;
			productType = "com.apple.product-type.framework";
		};
/* End PBXNativeTarget section */

/* Begin PBXProject section */
		2FA5C9DE296E669B00F2D6D7 /* Project object */ = {
			isa = PBXProject;
			attributes = {
				BuildIndependentTargetsInParallel = 1;
				LastUpgradeCheck = 1420;
				TargetAttributes = {
					2FA5C9E6296E669B00F2D6D7 = {
						CreatedOnToolsVersion = 14.2;
					};
				};
			};
			buildConfigurationList = 2FA5C9E1296E669B00F2D6D7 /* Build configuration list for PBXProject "Favorite" */;
			compatibilityVersion = "Xcode 13.0";
			developmentRegion = en;
			hasScannedForEncodings = 0;
			knownRegions = (
				en,
				Base,
			);
			mainGroup = 2FA5C9DD296E669B00F2D6D7;
			packageReferences = (
				2FA5CA2D296E6B7D00F2D6D7 /* XCRemoteSwiftPackageReference "realm-swift" */,
			);
			productRefGroup = 2FA5C9E8296E669B00F2D6D7 /* Products */;
			projectDirPath = "";
			projectRoot = "";
			targets = (
				2FA5C9E6296E669B00F2D6D7 /* Favorite */,
			);
		};
/* End PBXProject section */

/* Begin PBXResourcesBuildPhase section */
		2FA5C9E5296E669B00F2D6D7 /* Resources */ = {
			isa = PBXResourcesBuildPhase;
			buildActionMask = 2147483647;
			files = (
				2FA5CA23296E6A6800F2D6D7 /* FavoriteViewController.xib in Resources */,
			);
			runOnlyForDeploymentPostprocessing = 0;
		};
/* End PBXResourcesBuildPhase section */

/* Begin PBXShellScriptBuildPhase section */
		25862C70FF5A00A91F0AB91F /* [CP] Check Pods Manifest.lock */ = {
			isa = PBXShellScriptBuildPhase;
			buildActionMask = 2147483647;
			files = (
			);
			inputFileListPaths = (
			);
			inputPaths = (
				"${PODS_PODFILE_DIR_PATH}/Podfile.lock",
				"${PODS_ROOT}/Manifest.lock",
			);
			name = "[CP] Check Pods Manifest.lock";
			outputFileListPaths = (
			);
			outputPaths = (
				"$(DERIVED_FILE_DIR)/Pods-Favorite-checkManifestLockResult.txt",
			);
			runOnlyForDeploymentPostprocessing = 0;
			shellPath = /bin/sh;
			shellScript = "diff \"${PODS_PODFILE_DIR_PATH}/Podfile.lock\" \"${PODS_ROOT}/Manifest.lock\" > /dev/null\nif [ $? != 0 ] ; then\n    # print error to STDERR\n    echo \"error: The sandbox is not in sync with the Podfile.lock. Run 'pod install' or update your CocoaPods installation.\" >&2\n    exit 1\nfi\n# This output is used by Xcode 'outputs' to avoid re-running this script phase.\necho \"SUCCESS\" > \"${SCRIPT_OUTPUT_FILE_0}\"\n";
			showEnvVarsInLog = 0;
		};
/* End PBXShellScriptBuildPhase section */

/* Begin PBXSourcesBuildPhase section */
		2FA5C9E3296E669B00F2D6D7 /* Sources */ = {
			isa = PBXSourcesBuildPhase;
			buildActionMask = 2147483647;
			files = (
				2FA5CA25296E6A8700F2D6D7 /* FavoriteViewModel.swift in Sources */,
				2FA5CA21296E6A4700F2D6D7 /* FavoriteViewController.swift in Sources */,
			);
			runOnlyForDeploymentPostprocessing = 0;
		};
/* End PBXSourcesBuildPhase section */

/* Begin XCBuildConfiguration section */
		2FA5C9EC296E669B00F2D6D7 /* Debug */ = {
			isa = XCBuildConfiguration;
			buildSettings = {
				ALWAYS_SEARCH_USER_PATHS = NO;
				CLANG_ANALYZER_NONNULL = YES;
				CLANG_ANALYZER_NUMBER_OBJECT_CONVERSION = YES_AGGRESSIVE;
				CLANG_CXX_LANGUAGE_STANDARD = "gnu++20";
				CLANG_ENABLE_MODULES = YES;
				CLANG_ENABLE_OBJC_ARC = YES;
				CLANG_ENABLE_OBJC_WEAK = YES;
				CLANG_WARN_BLOCK_CAPTURE_AUTORELEASING = YES;
				CLANG_WARN_BOOL_CONVERSION = YES;
				CLANG_WARN_COMMA = YES;
				CLANG_WARN_CONSTANT_CONVERSION = YES;
				CLANG_WARN_DEPRECATED_OBJC_IMPLEMENTATIONS = YES;
				CLANG_WARN_DIRECT_OBJC_ISA_USAGE = YES_ERROR;
				CLANG_WARN_DOCUMENTATION_COMMENTS = YES;
				CLANG_WARN_EMPTY_BODY = YES;
				CLANG_WARN_ENUM_CONVERSION = YES;
				CLANG_WARN_INFINITE_RECURSION = YES;
				CLANG_WARN_INT_CONVERSION = YES;
				CLANG_WARN_NON_LITERAL_NULL_CONVERSION = YES;
				CLANG_WARN_OBJC_IMPLICIT_RETAIN_SELF = YES;
				CLANG_WARN_OBJC_LITERAL_CONVERSION = YES;
				CLANG_WARN_OBJC_ROOT_CLASS = YES_ERROR;
				CLANG_WARN_QUOTED_INCLUDE_IN_FRAMEWORK_HEADER = YES;
				CLANG_WARN_RANGE_LOOP_ANALYSIS = YES;
				CLANG_WARN_STRICT_PROTOTYPES = YES;
				CLANG_WARN_SUSPICIOUS_MOVE = YES;
				CLANG_WARN_UNGUARDED_AVAILABILITY = YES_AGGRESSIVE;
				CLANG_WARN_UNREACHABLE_CODE = YES;
				CLANG_WARN__DUPLICATE_METHOD_MATCH = YES;
				COPY_PHASE_STRIP = NO;
				CURRENT_PROJECT_VERSION = 1;
				DEBUG_INFORMATION_FORMAT = dwarf;
				ENABLE_STRICT_OBJC_MSGSEND = YES;
				ENABLE_TESTABILITY = YES;
				GCC_C_LANGUAGE_STANDARD = gnu11;
				GCC_DYNAMIC_NO_PIC = NO;
				GCC_NO_COMMON_BLOCKS = YES;
				GCC_OPTIMIZATION_LEVEL = 0;
				GCC_PREPROCESSOR_DEFINITIONS = (
					"DEBUG=1",
					"$(inherited)",
				);
				GCC_WARN_64_TO_32_BIT_CONVERSION = YES;
				GCC_WARN_ABOUT_RETURN_TYPE = YES_ERROR;
				GCC_WARN_UNDECLARED_SELECTOR = YES;
				GCC_WARN_UNINITIALIZED_AUTOS = YES_AGGRESSIVE;
				GCC_WARN_UNUSED_FUNCTION = YES;
				GCC_WARN_UNUSED_VARIABLE = YES;
				IPHONEOS_DEPLOYMENT_TARGET = 16.2;
				MTL_ENABLE_DEBUG_INFO = INCLUDE_SOURCE;
				MTL_FAST_MATH = YES;
				ONLY_ACTIVE_ARCH = YES;
				SDKROOT = iphoneos;
				SWIFT_ACTIVE_COMPILATION_CONDITIONS = DEBUG;
				SWIFT_OPTIMIZATION_LEVEL = "-Onone";
				VERSIONING_SYSTEM = "apple-generic";
				VERSION_INFO_PREFIX = "";
			};
			name = Debug;
		};
		2FA5C9ED296E669B00F2D6D7 /* Release */ = {
			isa = XCBuildConfiguration;
			buildSettings = {
				ALWAYS_SEARCH_USER_PATHS = NO;
				CLANG_ANALYZER_NONNULL = YES;
				CLANG_ANALYZER_NUMBER_OBJECT_CONVERSION = YES_AGGRESSIVE;
				CLANG_CXX_LANGUAGE_STANDARD = "gnu++20";
				CLANG_ENABLE_MODULES = YES;
				CLANG_ENABLE_OBJC_ARC = YES;
				CLANG_ENABLE_OBJC_WEAK = YES;
				CLANG_WARN_BLOCK_CAPTURE_AUTORELEASING = YES;
				CLANG_WARN_BOOL_CONVERSION = YES;
				CLANG_WARN_COMMA = YES;
				CLANG_WARN_CONSTANT_CONVERSION = YES;
				CLANG_WARN_DEPRECATED_OBJC_IMPLEMENTATIONS = YES;
				CLANG_WARN_DIRECT_OBJC_ISA_USAGE = YES_ERROR;
				CLANG_WARN_DOCUMENTATION_COMMENTS = YES;
				CLANG_WARN_EMPTY_BODY = YES;
				CLANG_WARN_ENUM_CONVERSION = YES;
				CLANG_WARN_INFINITE_RECURSION = YES;
				CLANG_WARN_INT_CONVERSION = YES;
				CLANG_WARN_NON_LITERAL_NULL_CONVERSION = YES;
				CLANG_WARN_OBJC_IMPLICIT_RETAIN_SELF = YES;
				CLANG_WARN_OBJC_LITERAL_CONVERSION = YES;
				CLANG_WARN_OBJC_ROOT_CLASS = YES_ERROR;
				CLANG_WARN_QUOTED_INCLUDE_IN_FRAMEWORK_HEADER = YES;
				CLANG_WARN_RANGE_LOOP_ANALYSIS = YES;
				CLANG_WARN_STRICT_PROTOTYPES = YES;
				CLANG_WARN_SUSPICIOUS_MOVE = YES;
				CLANG_WARN_UNGUARDED_AVAILABILITY = YES_AGGRESSIVE;
				CLANG_WARN_UNREACHABLE_CODE = YES;
				CLANG_WARN__DUPLICATE_METHOD_MATCH = YES;
				COPY_PHASE_STRIP = NO;
				CURRENT_PROJECT_VERSION = 1;
				DEBUG_INFORMATION_FORMAT = "dwarf-with-dsym";
				ENABLE_NS_ASSERTIONS = NO;
				ENABLE_STRICT_OBJC_MSGSEND = YES;
				GCC_C_LANGUAGE_STANDARD = gnu11;
				GCC_NO_COMMON_BLOCKS = YES;
				GCC_WARN_64_TO_32_BIT_CONVERSION = YES;
				GCC_WARN_ABOUT_RETURN_TYPE = YES_ERROR;
				GCC_WARN_UNDECLARED_SELECTOR = YES;
				GCC_WARN_UNINITIALIZED_AUTOS = YES_AGGRESSIVE;
				GCC_WARN_UNUSED_FUNCTION = YES;
				GCC_WARN_UNUSED_VARIABLE = YES;
				IPHONEOS_DEPLOYMENT_TARGET = 16.2;
				MTL_ENABLE_DEBUG_INFO = NO;
				MTL_FAST_MATH = YES;
				SDKROOT = iphoneos;
				SWIFT_COMPILATION_MODE = wholemodule;
				SWIFT_OPTIMIZATION_LEVEL = "-O";
				VALIDATE_PRODUCT = YES;
				VERSIONING_SYSTEM = "apple-generic";
				VERSION_INFO_PREFIX = "";
			};
			name = Release;
		};
		2FA5C9EF296E669B00F2D6D7 /* Debug */ = {
			isa = XCBuildConfiguration;
			baseConfigurationReference = E3F9F1C1F902C06CD96B155D /* Pods-Favorite.debug.xcconfig */;
			buildSettings = {
				CODE_SIGN_STYLE = Automatic;
				CURRENT_PROJECT_VERSION = 1;
				DEFINES_MODULE = YES;
				DYLIB_COMPATIBILITY_VERSION = 1;
				DYLIB_CURRENT_VERSION = 1;
				DYLIB_INSTALL_NAME_BASE = "@rpath";
				GENERATE_INFOPLIST_FILE = YES;
				INFOPLIST_KEY_NSHumanReadableCopyright = "";
				INSTALL_PATH = "$(LOCAL_LIBRARY_DIR)/Frameworks";
				LD_RUNPATH_SEARCH_PATHS = (
					"$(inherited)",
					"@executable_path/Frameworks",
					"@loader_path/Frameworks",
				);
				MARKETING_VERSION = 1.0;
				PRODUCT_BUNDLE_IDENTIFIER = hadi.Favorite;
				PRODUCT_NAME = "$(TARGET_NAME:c99extidentifier)";
				SKIP_INSTALL = YES;
				SWIFT_EMIT_LOC_STRINGS = YES;
				SWIFT_VERSION = 5.0;
				TARGETED_DEVICE_FAMILY = "1,2";
			};
			name = Debug;
		};
		2FA5C9F0296E669B00F2D6D7 /* Release */ = {
			isa = XCBuildConfiguration;
			baseConfigurationReference = E6769BA7B26D6E5C5369C1E2 /* Pods-Favorite.release.xcconfig */;
			buildSettings = {
				CODE_SIGN_STYLE = Automatic;
				CURRENT_PROJECT_VERSION = 1;
				DEFINES_MODULE = YES;
				DYLIB_COMPATIBILITY_VERSION = 1;
				DYLIB_CURRENT_VERSION = 1;
				DYLIB_INSTALL_NAME_BASE = "@rpath";
				GENERATE_INFOPLIST_FILE = YES;
				INFOPLIST_KEY_NSHumanReadableCopyright = "";
				INSTALL_PATH = "$(LOCAL_LIBRARY_DIR)/Frameworks";
				LD_RUNPATH_SEARCH_PATHS = (
					"$(inherited)",
					"@executable_path/Frameworks",
					"@loader_path/Frameworks",
				);
				MARKETING_VERSION = 1.0;
				PRODUCT_BUNDLE_IDENTIFIER = hadi.Favorite;
				PRODUCT_NAME = "$(TARGET_NAME:c99extidentifier)";
				SKIP_INSTALL = YES;
				SWIFT_EMIT_LOC_STRINGS = YES;
				SWIFT_VERSION = 5.0;
				TARGETED_DEVICE_FAMILY = "1,2";
			};
			name = Release;
		};
/* End XCBuildConfiguration section */

/* Begin XCConfigurationList section */
		2FA5C9E1296E669B00F2D6D7 /* Build configuration list for PBXProject "Favorite" */ = {
			isa = XCConfigurationList;
			buildConfigurations = (
				2FA5C9EC296E669B00F2D6D7 /* Debug */,
				2FA5C9ED296E669B00F2D6D7 /* Release */,
			);
			defaultConfigurationIsVisible = 0;
			defaultConfigurationName = Release;
		};
		2FA5C9EE296E669B00F2D6D7 /* Build configuration list for PBXNativeTarget "Favorite" */ = {
			isa = XCConfigurationList;
			buildConfigurations = (
				2FA5C9EF296E669B00F2D6D7 /* Debug */,
				2FA5C9F0296E669B00F2D6D7 /* Release */,
			);
			defaultConfigurationIsVisible = 0;
			defaultConfigurationName = Release;
		};
/* End XCConfigurationList section */

/* Begin XCRemoteSwiftPackageReference section */
		2FA5CA2D296E6B7D00F2D6D7 /* XCRemoteSwiftPackageReference "realm-swift" */ = {
			isa = XCRemoteSwiftPackageReference;
			repositoryURL = "https://github.com/realm/realm-swift.git";
			requirement = {
				branch = master;
				kind = branch;
			};
		};
/* End XCRemoteSwiftPackageReference section */

/* Begin XCSwiftPackageProductDependency section */
		2FA5CA2E296E6B7D00F2D6D7 /* Realm */ = {
			isa = XCSwiftPackageProductDependency;
			package = 2FA5CA2D296E6B7D00F2D6D7 /* XCRemoteSwiftPackageReference "realm-swift" */;
			productName = Realm;
		};
		2FA5CA30296E6B7D00F2D6D7 /* RealmSwift */ = {
			isa = XCSwiftPackageProductDependency;
			package = 2FA5CA2D296E6B7D00F2D6D7 /* XCRemoteSwiftPackageReference "realm-swift" */;
			productName = RealmSwift;
		};
/* End XCSwiftPackageProductDependency section */
	};
	rootObject = 2FA5C9DE296E669B00F2D6D7 /* Project object */;
}
